{
  "nodes": {
    "nixpkgs": {
      "locked": {
        "lastModified": 0,
        "narHash": "sha256-6sEvEOo6+AIiNve7FXjPMPEoEeXXQ45kBdrLKk8XJ8s=",
        "path": "/home/dyrkon/Code/nixpkgs",
        "type": "path"
      },
      "original": {
        "path": "/home/dyrkon/Code/nixpkgs",
        "type": "path"
      }
    },
    "root": {
      "inputs": {
        "nixpkgs": "nixpkgs"
      }
    }
  },
  "root": "root",
  "version": 7
}
